// !$*UTF8*$!
{
	archiveVersion = 1;
	classes = {
	};
	objectVersion = 56;
	objects = {

/* Begin PBXBuildFile section */
		6E1624F52A1F373600AB2714 /* StickerCell.swift in Sources */ = {isa = PBXBuildFile; fileRef = 6E1624F42A1F373600AB2714 /* StickerCell.swift */; };
		6E1624FC2A1FDB0C00AB2714 /* LogoViewController.swift in Sources */ = {isa = PBXBuildFile; fileRef = 6E1624FB2A1FDB0C00AB2714 /* LogoViewController.swift */; };
		6E1625002A1FFD5100AB2714 /* Router.swift in Sources */ = {isa = PBXBuildFile; fileRef = 6E1624FF2A1FFD5100AB2714 /* Router.swift */; };
		6E1625022A2294F100AB2714 /* ExchangeViewModel.swift in Sources */ = {isa = PBXBuildFile; fileRef = 6E1625012A2294F100AB2714 /* ExchangeViewModel.swift */; };
		6E1625042A2295C300AB2714 /* ExchangeVewController.swift in Sources */ = {isa = PBXBuildFile; fileRef = 6E1625032A2295C300AB2714 /* ExchangeVewController.swift */; };
		6E1625062A22A72F00AB2714 /* ExchangeStickerCell.swift in Sources */ = {isa = PBXBuildFile; fileRef = 6E1625052A22A72F00AB2714 /* ExchangeStickerCell.swift */; };
		6E44396B2A1EBB2B00CA0AB5 /* AlbumStickersViewController.swift in Sources */ = {isa = PBXBuildFile; fileRef = 6E44396A2A1EBB2B00CA0AB5 /* AlbumStickersViewController.swift */; };
		6E44396D2A1EBBD000CA0AB5 /* AlbumStickersViewModel.swift in Sources */ = {isa = PBXBuildFile; fileRef = 6E44396C2A1EBBD000CA0AB5 /* AlbumStickersViewModel.swift */; };
		6E46E3CD2A1C92110074ED12 /* AlbumPickerViewController.swift in Sources */ = {isa = PBXBuildFile; fileRef = 6E46E3CC2A1C92110074ED12 /* AlbumPickerViewController.swift */; };
		6E46E3D02A1C927B0074ED12 /* PureLayout in Frameworks */ = {isa = PBXBuildFile; productRef = 6E46E3CF2A1C927B0074ED12 /* PureLayout */; };
		6E46E3D72A1C953C0074ED12 /* AlbumModel.swift in Sources */ = {isa = PBXBuildFile; fileRef = 6E46E3D62A1C953C0074ED12 /* AlbumModel.swift */; };
		6E46E3D92A1C96240074ED12 /* AlbumPickerViewModel.swift in Sources */ = {isa = PBXBuildFile; fileRef = 6E46E3D82A1C96240074ED12 /* AlbumPickerViewModel.swift */; };
		6E46E3DB2A1C96C00074ED12 /* AlbumDataSource.swift in Sources */ = {isa = PBXBuildFile; fileRef = 6E46E3DA2A1C96C00074ED12 /* AlbumDataSource.swift */; };
		6E46E3DD2A1C9C840074ED12 /* AlbumPreviewView.swift in Sources */ = {isa = PBXBuildFile; fileRef = 6E46E3DC2A1C9C840074ED12 /* AlbumPreviewView.swift */; };
		6E46E3DF2A1D4C020074ED12 /* AlbumStatsView.swift in Sources */ = {isa = PBXBuildFile; fileRef = 6E46E3DE2A1D4C020074ED12 /* AlbumStatsView.swift */; };
		6E46E3E22A1D538A0074ED12 /* Util.swift in Sources */ = {isa = PBXBuildFile; fileRef = 6E46E3E12A1D538A0074ED12 /* Util.swift */; };
		6E92E67A2A1DE08E008F9636 /* CreateAlbumViewController.swift in Sources */ = {isa = PBXBuildFile; fileRef = 6E92E6792A1DE08E008F9636 /* CreateAlbumViewController.swift */; };
		6E92E67C2A1DE115008F9636 /* AlbumBarcodeView.swift in Sources */ = {isa = PBXBuildFile; fileRef = 6E92E67B2A1DE115008F9636 /* AlbumBarcodeView.swift */; };
		6E92E67E2A1DE140008F9636 /* AlbumFormView.swift in Sources */ = {isa = PBXBuildFile; fileRef = 6E92E67D2A1DE140008F9636 /* AlbumFormView.swift */; };
		6E92E6802A1E8BEE008F9636 /* InputFieldView.swift in Sources */ = {isa = PBXBuildFile; fileRef = 6E92E67F2A1E8BEE008F9636 /* InputFieldView.swift */; };
		6E92E6822A1FE9A6008F9636 /* CreateAlbumViewModel.swift in Sources */ = {isa = PBXBuildFile; fileRef = 6E92E6812A1FE9A6008F9636 /* CreateAlbumViewModel.swift */; };
		6E92E6842A221927008F9636 /* ModeSwitchView.swift in Sources */ = {isa = PBXBuildFile; fileRef = 6E92E6832A221926008F9636 /* ModeSwitchView.swift */; };
		6EE65CEC2A1BD690005447E6 /* AppDelegate.swift in Sources */ = {isa = PBXBuildFile; fileRef = 6EE65CEB2A1BD690005447E6 /* AppDelegate.swift */; };
		6EE65CEE2A1BD690005447E6 /* SceneDelegate.swift in Sources */ = {isa = PBXBuildFile; fileRef = 6EE65CED2A1BD690005447E6 /* SceneDelegate.swift */; };
		6EE65CF02A1BD690005447E6 /* ViewController.swift in Sources */ = {isa = PBXBuildFile; fileRef = 6EE65CEF2A1BD690005447E6 /* ViewController.swift */; };
		6EE65CF32A1BD690005447E6 /* Main.storyboard in Resources */ = {isa = PBXBuildFile; fileRef = 6EE65CF12A1BD690005447E6 /* Main.storyboard */; };
		6EE65CF52A1BD693005447E6 /* Assets.xcassets in Resources */ = {isa = PBXBuildFile; fileRef = 6EE65CF42A1BD693005447E6 /* Assets.xcassets */; };
		6EE65CF82A1BD693005447E6 /* LaunchScreen.storyboard in Resources */ = {isa = PBXBuildFile; fileRef = 6EE65CF62A1BD693005447E6 /* LaunchScreen.storyboard */; };
/* End PBXBuildFile section */

/* Begin PBXFileReference section */
		6E1624F42A1F373600AB2714 /* StickerCell.swift */ = {isa = PBXFileReference; lastKnownFileType = sourcecode.swift; path = StickerCell.swift; sourceTree = "<group>"; };
		6E1624FB2A1FDB0C00AB2714 /* LogoViewController.swift */ = {isa = PBXFileReference; lastKnownFileType = sourcecode.swift; path = LogoViewController.swift; sourceTree = "<group>"; };
		6E1624FF2A1FFD5100AB2714 /* Router.swift */ = {isa = PBXFileReference; lastKnownFileType = sourcecode.swift; path = Router.swift; sourceTree = "<group>"; };
		6E1625012A2294F100AB2714 /* ExchangeViewModel.swift */ = {isa = PBXFileReference; lastKnownFileType = sourcecode.swift; path = ExchangeViewModel.swift; sourceTree = "<group>"; };
		6E1625032A2295C300AB2714 /* ExchangeVewController.swift */ = {isa = PBXFileReference; lastKnownFileType = sourcecode.swift; path = ExchangeVewController.swift; sourceTree = "<group>"; };
		6E1625052A22A72F00AB2714 /* ExchangeStickerCell.swift */ = {isa = PBXFileReference; lastKnownFileType = sourcecode.swift; path = ExchangeStickerCell.swift; sourceTree = "<group>"; };
		6E44396A2A1EBB2B00CA0AB5 /* AlbumStickersViewController.swift */ = {isa = PBXFileReference; lastKnownFileType = sourcecode.swift; path = AlbumStickersViewController.swift; sourceTree = "<group>"; };
		6E44396C2A1EBBD000CA0AB5 /* AlbumStickersViewModel.swift */ = {isa = PBXFileReference; lastKnownFileType = sourcecode.swift; path = AlbumStickersViewModel.swift; sourceTree = "<group>"; };
		6E46E3CC2A1C92110074ED12 /* AlbumPickerViewController.swift */ = {isa = PBXFileReference; lastKnownFileType = sourcecode.swift; path = AlbumPickerViewController.swift; sourceTree = "<group>"; };
		6E46E3D62A1C953C0074ED12 /* AlbumModel.swift */ = {isa = PBXFileReference; lastKnownFileType = sourcecode.swift; path = AlbumModel.swift; sourceTree = "<group>"; };
		6E46E3D82A1C96240074ED12 /* AlbumPickerViewModel.swift */ = {isa = PBXFileReference; lastKnownFileType = sourcecode.swift; path = AlbumPickerViewModel.swift; sourceTree = "<group>"; };
		6E46E3DA2A1C96C00074ED12 /* AlbumDataSource.swift */ = {isa = PBXFileReference; lastKnownFileType = sourcecode.swift; path = AlbumDataSource.swift; sourceTree = "<group>"; };
		6E46E3DC2A1C9C840074ED12 /* AlbumPreviewView.swift */ = {isa = PBXFileReference; lastKnownFileType = sourcecode.swift; path = AlbumPreviewView.swift; sourceTree = "<group>"; };
		6E46E3DE2A1D4C020074ED12 /* AlbumStatsView.swift */ = {isa = PBXFileReference; lastKnownFileType = sourcecode.swift; path = AlbumStatsView.swift; sourceTree = "<group>"; };
		6E46E3E12A1D538A0074ED12 /* Util.swift */ = {isa = PBXFileReference; lastKnownFileType = sourcecode.swift; path = Util.swift; sourceTree = "<group>"; };
		6E92E6792A1DE08E008F9636 /* CreateAlbumViewController.swift */ = {isa = PBXFileReference; lastKnownFileType = sourcecode.swift; path = CreateAlbumViewController.swift; sourceTree = "<group>"; };
		6E92E67B2A1DE115008F9636 /* AlbumBarcodeView.swift */ = {isa = PBXFileReference; lastKnownFileType = sourcecode.swift; path = AlbumBarcodeView.swift; sourceTree = "<group>"; };
		6E92E67D2A1DE140008F9636 /* AlbumFormView.swift */ = {isa = PBXFileReference; lastKnownFileType = sourcecode.swift; path = AlbumFormView.swift; sourceTree = "<group>"; };
		6E92E67F2A1E8BEE008F9636 /* InputFieldView.swift */ = {isa = PBXFileReference; lastKnownFileType = sourcecode.swift; path = InputFieldView.swift; sourceTree = "<group>"; };
		6E92E6812A1FE9A6008F9636 /* CreateAlbumViewModel.swift */ = {isa = PBXFileReference; lastKnownFileType = sourcecode.swift; path = CreateAlbumViewModel.swift; sourceTree = "<group>"; };
		6E92E6832A221926008F9636 /* ModeSwitchView.swift */ = {isa = PBXFileReference; lastKnownFileType = sourcecode.swift; path = ModeSwitchView.swift; sourceTree = "<group>"; };
		6EE65CE82A1BD68F005447E6 /* StickEmAll.app */ = {isa = PBXFileReference; explicitFileType = wrapper.application; includeInIndex = 0; path = StickEmAll.app; sourceTree = BUILT_PRODUCTS_DIR; };
		6EE65CEB2A1BD690005447E6 /* AppDelegate.swift */ = {isa = PBXFileReference; lastKnownFileType = sourcecode.swift; path = AppDelegate.swift; sourceTree = "<group>"; };
		6EE65CED2A1BD690005447E6 /* SceneDelegate.swift */ = {isa = PBXFileReference; lastKnownFileType = sourcecode.swift; path = SceneDelegate.swift; sourceTree = "<group>"; };
		6EE65CEF2A1BD690005447E6 /* ViewController.swift */ = {isa = PBXFileReference; lastKnownFileType = sourcecode.swift; path = ViewController.swift; sourceTree = "<group>"; };
		6EE65CF22A1BD690005447E6 /* Base */ = {isa = PBXFileReference; lastKnownFileType = file.storyboard; name = Base; path = Base.lproj/Main.storyboard; sourceTree = "<group>"; };
		6EE65CF42A1BD693005447E6 /* Assets.xcassets */ = {isa = PBXFileReference; lastKnownFileType = folder.assetcatalog; path = Assets.xcassets; sourceTree = "<group>"; };
		6EE65CF72A1BD693005447E6 /* Base */ = {isa = PBXFileReference; lastKnownFileType = file.storyboard; name = Base; path = Base.lproj/LaunchScreen.storyboard; sourceTree = "<group>"; };
		6EE65CF92A1BD693005447E6 /* Info.plist */ = {isa = PBXFileReference; lastKnownFileType = text.plist.xml; path = Info.plist; sourceTree = "<group>"; };
/* End PBXFileReference section */

/* Begin PBXFrameworksBuildPhase section */
		6EE65CE52A1BD68F005447E6 /* Frameworks */ = {
			isa = PBXFrameworksBuildPhase;
			buildActionMask = 2147483647;
			files = (
				6E46E3D02A1C927B0074ED12 /* PureLayout in Frameworks */,
			);
			runOnlyForDeploymentPostprocessing = 0;
		};
/* End PBXFrameworksBuildPhase section */

/* Begin PBXGroup section */
		6E1624F62A1F88D600AB2714 /* Extras */ = {
			isa = PBXGroup;
			children = (
			);
			path = Extras;
			sourceTree = "<group>";
		};
		6E46E3D12A1C94E50074ED12 /* Views */ = {
			isa = PBXGroup;
			children = (
				6E46E3DE2A1D4C020074ED12 /* AlbumStatsView.swift */,
				6E46E3DC2A1C9C840074ED12 /* AlbumPreviewView.swift */,
				6E1624F42A1F373600AB2714 /* StickerCell.swift */,
				6E92E67B2A1DE115008F9636 /* AlbumBarcodeView.swift */,
				6E92E67D2A1DE140008F9636 /* AlbumFormView.swift */,
				6E92E67F2A1E8BEE008F9636 /* InputFieldView.swift */,
<<<<<<< HEAD
				6E1625052A22A72F00AB2714 /* ExchangeStickerCell.swift */,
=======
				6E92E6832A221926008F9636 /* ModeSwitchView.swift */,
>>>>>>> 433bc67 (saving changes)
			);
			path = Views;
			sourceTree = "<group>";
		};
		6E46E3D22A1C94FA0074ED12 /* ViewControllers */ = {
			isa = PBXGroup;
			children = (
				6E46E3CC2A1C92110074ED12 /* AlbumPickerViewController.swift */,
				6E44396A2A1EBB2B00CA0AB5 /* AlbumStickersViewController.swift */,
				6E1624FB2A1FDB0C00AB2714 /* LogoViewController.swift */,
				6E92E6792A1DE08E008F9636 /* CreateAlbumViewController.swift */,
				6E1625032A2295C300AB2714 /* ExchangeVewController.swift */,
			);
			path = ViewControllers;
			sourceTree = "<group>";
		};
		6E46E3D32A1C95070074ED12 /* ViewModels */ = {
			isa = PBXGroup;
			children = (
				6E46E3D82A1C96240074ED12 /* AlbumPickerViewModel.swift */,
				6E44396C2A1EBBD000CA0AB5 /* AlbumStickersViewModel.swift */,
				6E92E6812A1FE9A6008F9636 /* CreateAlbumViewModel.swift */,
				6E1625012A2294F100AB2714 /* ExchangeViewModel.swift */,
			);
			path = ViewModels;
			sourceTree = "<group>";
		};
		6E46E3D42A1C95100074ED12 /* DataSources */ = {
			isa = PBXGroup;
			children = (
				6E46E3DA2A1C96C00074ED12 /* AlbumDataSource.swift */,
			);
			path = DataSources;
			sourceTree = "<group>";
		};
		6E46E3D52A1C952C0074ED12 /* Models */ = {
			isa = PBXGroup;
			children = (
				6E46E3D62A1C953C0074ED12 /* AlbumModel.swift */,
			);
			path = Models;
			sourceTree = "<group>";
		};
		6EE65CDF2A1BD68F005447E6 = {
			isa = PBXGroup;
			children = (
				6EE65CEA2A1BD68F005447E6 /* StickEmAll */,
				6EE65CE92A1BD68F005447E6 /* Products */,
			);
			sourceTree = "<group>";
		};
		6EE65CE92A1BD68F005447E6 /* Products */ = {
			isa = PBXGroup;
			children = (
				6EE65CE82A1BD68F005447E6 /* StickEmAll.app */,
			);
			name = Products;
			sourceTree = "<group>";
		};
		6EE65CEA2A1BD68F005447E6 /* StickEmAll */ = {
			isa = PBXGroup;
			children = (
				6E1624F62A1F88D600AB2714 /* Extras */,
				6E46E3D52A1C952C0074ED12 /* Models */,
				6E46E3D42A1C95100074ED12 /* DataSources */,
				6E46E3D32A1C95070074ED12 /* ViewModels */,
				6E46E3D22A1C94FA0074ED12 /* ViewControllers */,
				6E46E3D12A1C94E50074ED12 /* Views */,
				6EE65CEB2A1BD690005447E6 /* AppDelegate.swift */,
				6EE65CED2A1BD690005447E6 /* SceneDelegate.swift */,
				6EE65CEF2A1BD690005447E6 /* ViewController.swift */,
				6EE65CF12A1BD690005447E6 /* Main.storyboard */,
				6EE65CF42A1BD693005447E6 /* Assets.xcassets */,
				6EE65CF62A1BD693005447E6 /* LaunchScreen.storyboard */,
				6EE65CF92A1BD693005447E6 /* Info.plist */,
				6E46E3E12A1D538A0074ED12 /* Util.swift */,
				6E1624FF2A1FFD5100AB2714 /* Router.swift */,
			);
			path = StickEmAll;
			sourceTree = "<group>";
		};
/* End PBXGroup section */

/* Begin PBXNativeTarget section */
		6EE65CE72A1BD68F005447E6 /* StickEmAll */ = {
			isa = PBXNativeTarget;
			buildConfigurationList = 6EE65CFC2A1BD693005447E6 /* Build configuration list for PBXNativeTarget "StickEmAll" */;
			buildPhases = (
				6EE65CE42A1BD68F005447E6 /* Sources */,
				6EE65CE52A1BD68F005447E6 /* Frameworks */,
				6EE65CE62A1BD68F005447E6 /* Resources */,
			);
			buildRules = (
			);
			dependencies = (
			);
			name = StickEmAll;
			packageProductDependencies = (
				6E46E3CF2A1C927B0074ED12 /* PureLayout */,
			);
			productName = StickEmAll;
			productReference = 6EE65CE82A1BD68F005447E6 /* StickEmAll.app */;
			productType = "com.apple.product-type.application";
		};
/* End PBXNativeTarget section */

/* Begin PBXProject section */
		6EE65CE02A1BD68F005447E6 /* Project object */ = {
			isa = PBXProject;
			attributes = {
				BuildIndependentTargetsInParallel = 1;
				LastSwiftUpdateCheck = 1420;
				LastUpgradeCheck = 1420;
				TargetAttributes = {
					6EE65CE72A1BD68F005447E6 = {
						CreatedOnToolsVersion = 14.2;
					};
				};
			};
			buildConfigurationList = 6EE65CE32A1BD68F005447E6 /* Build configuration list for PBXProject "StickEmAll" */;
			compatibilityVersion = "Xcode 14.0";
			developmentRegion = en;
			hasScannedForEncodings = 0;
			knownRegions = (
				en,
				Base,
			);
			mainGroup = 6EE65CDF2A1BD68F005447E6;
			packageReferences = (
				6E46E3CE2A1C927B0074ED12 /* XCRemoteSwiftPackageReference "PureLayout" */,
			);
			productRefGroup = 6EE65CE92A1BD68F005447E6 /* Products */;
			projectDirPath = "";
			projectRoot = "";
			targets = (
				6EE65CE72A1BD68F005447E6 /* StickEmAll */,
			);
		};
/* End PBXProject section */

/* Begin PBXResourcesBuildPhase section */
		6EE65CE62A1BD68F005447E6 /* Resources */ = {
			isa = PBXResourcesBuildPhase;
			buildActionMask = 2147483647;
			files = (
				6EE65CF82A1BD693005447E6 /* LaunchScreen.storyboard in Resources */,
				6EE65CF52A1BD693005447E6 /* Assets.xcassets in Resources */,
				6EE65CF32A1BD690005447E6 /* Main.storyboard in Resources */,
			);
			runOnlyForDeploymentPostprocessing = 0;
		};
/* End PBXResourcesBuildPhase section */

/* Begin PBXSourcesBuildPhase section */
		6EE65CE42A1BD68F005447E6 /* Sources */ = {
			isa = PBXSourcesBuildPhase;
			buildActionMask = 2147483647;
			files = (
				6E92E67A2A1DE08E008F9636 /* CreateAlbumViewController.swift in Sources */,
				6E1625022A2294F100AB2714 /* ExchangeViewModel.swift in Sources */,
				6E92E6822A1FE9A6008F9636 /* CreateAlbumViewModel.swift in Sources */,
				6E46E3CD2A1C92110074ED12 /* AlbumPickerViewController.swift in Sources */,
				6E46E3D72A1C953C0074ED12 /* AlbumModel.swift in Sources */,
				6E1625042A2295C300AB2714 /* ExchangeVewController.swift in Sources */,
				6E92E6802A1E8BEE008F9636 /* InputFieldView.swift in Sources */,
				6EE65CF02A1BD690005447E6 /* ViewController.swift in Sources */,
				6E1624FC2A1FDB0C00AB2714 /* LogoViewController.swift in Sources */,
				6EE65CEC2A1BD690005447E6 /* AppDelegate.swift in Sources */,
				6E92E67C2A1DE115008F9636 /* AlbumBarcodeView.swift in Sources */,
				6E46E3DB2A1C96C00074ED12 /* AlbumDataSource.swift in Sources */,
				6E46E3D92A1C96240074ED12 /* AlbumPickerViewModel.swift in Sources */,
				6E1625002A1FFD5100AB2714 /* Router.swift in Sources */,
				6E1624F52A1F373600AB2714 /* StickerCell.swift in Sources */,
				6EE65CEE2A1BD690005447E6 /* SceneDelegate.swift in Sources */,
				6E46E3E22A1D538A0074ED12 /* Util.swift in Sources */,
				6E44396D2A1EBBD000CA0AB5 /* AlbumStickersViewModel.swift in Sources */,
				6E44396B2A1EBB2B00CA0AB5 /* AlbumStickersViewController.swift in Sources */,
				6E92E6842A221927008F9636 /* ModeSwitchView.swift in Sources */,
				6E92E67E2A1DE140008F9636 /* AlbumFormView.swift in Sources */,
				6E46E3DF2A1D4C020074ED12 /* AlbumStatsView.swift in Sources */,
				6E1625062A22A72F00AB2714 /* ExchangeStickerCell.swift in Sources */,
				6E46E3DD2A1C9C840074ED12 /* AlbumPreviewView.swift in Sources */,
			);
			runOnlyForDeploymentPostprocessing = 0;
		};
/* End PBXSourcesBuildPhase section */

/* Begin PBXVariantGroup section */
		6EE65CF12A1BD690005447E6 /* Main.storyboard */ = {
			isa = PBXVariantGroup;
			children = (
				6EE65CF22A1BD690005447E6 /* Base */,
			);
			name = Main.storyboard;
			sourceTree = "<group>";
		};
		6EE65CF62A1BD693005447E6 /* LaunchScreen.storyboard */ = {
			isa = PBXVariantGroup;
			children = (
				6EE65CF72A1BD693005447E6 /* Base */,
			);
			name = LaunchScreen.storyboard;
			sourceTree = "<group>";
		};
/* End PBXVariantGroup section */

/* Begin XCBuildConfiguration section */
		6EE65CFA2A1BD693005447E6 /* Debug */ = {
			isa = XCBuildConfiguration;
			buildSettings = {
				ALWAYS_SEARCH_USER_PATHS = NO;
				CLANG_ANALYZER_NONNULL = YES;
				CLANG_ANALYZER_NUMBER_OBJECT_CONVERSION = YES_AGGRESSIVE;
				CLANG_CXX_LANGUAGE_STANDARD = "gnu++20";
				CLANG_ENABLE_MODULES = YES;
				CLANG_ENABLE_OBJC_ARC = YES;
				CLANG_ENABLE_OBJC_WEAK = YES;
				CLANG_WARN_BLOCK_CAPTURE_AUTORELEASING = YES;
				CLANG_WARN_BOOL_CONVERSION = YES;
				CLANG_WARN_COMMA = YES;
				CLANG_WARN_CONSTANT_CONVERSION = YES;
				CLANG_WARN_DEPRECATED_OBJC_IMPLEMENTATIONS = YES;
				CLANG_WARN_DIRECT_OBJC_ISA_USAGE = YES_ERROR;
				CLANG_WARN_DOCUMENTATION_COMMENTS = YES;
				CLANG_WARN_EMPTY_BODY = YES;
				CLANG_WARN_ENUM_CONVERSION = YES;
				CLANG_WARN_INFINITE_RECURSION = YES;
				CLANG_WARN_INT_CONVERSION = YES;
				CLANG_WARN_NON_LITERAL_NULL_CONVERSION = YES;
				CLANG_WARN_OBJC_IMPLICIT_RETAIN_SELF = YES;
				CLANG_WARN_OBJC_LITERAL_CONVERSION = YES;
				CLANG_WARN_OBJC_ROOT_CLASS = YES_ERROR;
				CLANG_WARN_QUOTED_INCLUDE_IN_FRAMEWORK_HEADER = YES;
				CLANG_WARN_RANGE_LOOP_ANALYSIS = YES;
				CLANG_WARN_STRICT_PROTOTYPES = YES;
				CLANG_WARN_SUSPICIOUS_MOVE = YES;
				CLANG_WARN_UNGUARDED_AVAILABILITY = YES_AGGRESSIVE;
				CLANG_WARN_UNREACHABLE_CODE = YES;
				CLANG_WARN__DUPLICATE_METHOD_MATCH = YES;
				COPY_PHASE_STRIP = NO;
				DEBUG_INFORMATION_FORMAT = dwarf;
				ENABLE_STRICT_OBJC_MSGSEND = YES;
				ENABLE_TESTABILITY = YES;
				GCC_C_LANGUAGE_STANDARD = gnu11;
				GCC_DYNAMIC_NO_PIC = NO;
				GCC_NO_COMMON_BLOCKS = YES;
				GCC_OPTIMIZATION_LEVEL = 0;
				GCC_PREPROCESSOR_DEFINITIONS = (
					"DEBUG=1",
					"$(inherited)",
				);
				GCC_WARN_64_TO_32_BIT_CONVERSION = YES;
				GCC_WARN_ABOUT_RETURN_TYPE = YES_ERROR;
				GCC_WARN_UNDECLARED_SELECTOR = YES;
				GCC_WARN_UNINITIALIZED_AUTOS = YES_AGGRESSIVE;
				GCC_WARN_UNUSED_FUNCTION = YES;
				GCC_WARN_UNUSED_VARIABLE = YES;
				IPHONEOS_DEPLOYMENT_TARGET = 16.2;
				MTL_ENABLE_DEBUG_INFO = INCLUDE_SOURCE;
				MTL_FAST_MATH = YES;
				ONLY_ACTIVE_ARCH = YES;
				SDKROOT = iphoneos;
				SWIFT_ACTIVE_COMPILATION_CONDITIONS = DEBUG;
				SWIFT_OPTIMIZATION_LEVEL = "-Onone";
			};
			name = Debug;
		};
		6EE65CFB2A1BD693005447E6 /* Release */ = {
			isa = XCBuildConfiguration;
			buildSettings = {
				ALWAYS_SEARCH_USER_PATHS = NO;
				CLANG_ANALYZER_NONNULL = YES;
				CLANG_ANALYZER_NUMBER_OBJECT_CONVERSION = YES_AGGRESSIVE;
				CLANG_CXX_LANGUAGE_STANDARD = "gnu++20";
				CLANG_ENABLE_MODULES = YES;
				CLANG_ENABLE_OBJC_ARC = YES;
				CLANG_ENABLE_OBJC_WEAK = YES;
				CLANG_WARN_BLOCK_CAPTURE_AUTORELEASING = YES;
				CLANG_WARN_BOOL_CONVERSION = YES;
				CLANG_WARN_COMMA = YES;
				CLANG_WARN_CONSTANT_CONVERSION = YES;
				CLANG_WARN_DEPRECATED_OBJC_IMPLEMENTATIONS = YES;
				CLANG_WARN_DIRECT_OBJC_ISA_USAGE = YES_ERROR;
				CLANG_WARN_DOCUMENTATION_COMMENTS = YES;
				CLANG_WARN_EMPTY_BODY = YES;
				CLANG_WARN_ENUM_CONVERSION = YES;
				CLANG_WARN_INFINITE_RECURSION = YES;
				CLANG_WARN_INT_CONVERSION = YES;
				CLANG_WARN_NON_LITERAL_NULL_CONVERSION = YES;
				CLANG_WARN_OBJC_IMPLICIT_RETAIN_SELF = YES;
				CLANG_WARN_OBJC_LITERAL_CONVERSION = YES;
				CLANG_WARN_OBJC_ROOT_CLASS = YES_ERROR;
				CLANG_WARN_QUOTED_INCLUDE_IN_FRAMEWORK_HEADER = YES;
				CLANG_WARN_RANGE_LOOP_ANALYSIS = YES;
				CLANG_WARN_STRICT_PROTOTYPES = YES;
				CLANG_WARN_SUSPICIOUS_MOVE = YES;
				CLANG_WARN_UNGUARDED_AVAILABILITY = YES_AGGRESSIVE;
				CLANG_WARN_UNREACHABLE_CODE = YES;
				CLANG_WARN__DUPLICATE_METHOD_MATCH = YES;
				COPY_PHASE_STRIP = NO;
				DEBUG_INFORMATION_FORMAT = "dwarf-with-dsym";
				ENABLE_NS_ASSERTIONS = NO;
				ENABLE_STRICT_OBJC_MSGSEND = YES;
				GCC_C_LANGUAGE_STANDARD = gnu11;
				GCC_NO_COMMON_BLOCKS = YES;
				GCC_WARN_64_TO_32_BIT_CONVERSION = YES;
				GCC_WARN_ABOUT_RETURN_TYPE = YES_ERROR;
				GCC_WARN_UNDECLARED_SELECTOR = YES;
				GCC_WARN_UNINITIALIZED_AUTOS = YES_AGGRESSIVE;
				GCC_WARN_UNUSED_FUNCTION = YES;
				GCC_WARN_UNUSED_VARIABLE = YES;
				IPHONEOS_DEPLOYMENT_TARGET = 16.2;
				MTL_ENABLE_DEBUG_INFO = NO;
				MTL_FAST_MATH = YES;
				SDKROOT = iphoneos;
				SWIFT_COMPILATION_MODE = wholemodule;
				SWIFT_OPTIMIZATION_LEVEL = "-O";
				VALIDATE_PRODUCT = YES;
			};
			name = Release;
		};
		6EE65CFD2A1BD693005447E6 /* Debug */ = {
			isa = XCBuildConfiguration;
			buildSettings = {
				ASSETCATALOG_COMPILER_APPICON_NAME = AppIcon;
				ASSETCATALOG_COMPILER_GLOBAL_ACCENT_COLOR_NAME = AccentColor;
				CODE_SIGN_STYLE = Automatic;
				CURRENT_PROJECT_VERSION = 1;
				GENERATE_INFOPLIST_FILE = YES;
				INFOPLIST_FILE = StickEmAll/Info.plist;
				INFOPLIST_KEY_UIApplicationSupportsIndirectInputEvents = YES;
				INFOPLIST_KEY_UILaunchStoryboardName = LaunchScreen;
				INFOPLIST_KEY_UIMainStoryboardFile = Main;
				INFOPLIST_KEY_UISupportedInterfaceOrientations_iPad = "UIInterfaceOrientationPortrait UIInterfaceOrientationPortraitUpsideDown UIInterfaceOrientationLandscapeLeft UIInterfaceOrientationLandscapeRight";
				INFOPLIST_KEY_UISupportedInterfaceOrientations_iPhone = "UIInterfaceOrientationPortrait UIInterfaceOrientationLandscapeLeft UIInterfaceOrientationLandscapeRight";
				LD_RUNPATH_SEARCH_PATHS = (
					"$(inherited)",
					"@executable_path/Frameworks",
				);
				MARKETING_VERSION = 1.0;
				PRODUCT_BUNDLE_IDENTIFIER = "hr.fer.hostic-milanovic.StickEmAll";
				PRODUCT_NAME = "$(TARGET_NAME)";
				SWIFT_EMIT_LOC_STRINGS = YES;
				SWIFT_VERSION = 5.0;
				TARGETED_DEVICE_FAMILY = "1,2";
			};
			name = Debug;
		};
		6EE65CFE2A1BD693005447E6 /* Release */ = {
			isa = XCBuildConfiguration;
			buildSettings = {
				ASSETCATALOG_COMPILER_APPICON_NAME = AppIcon;
				ASSETCATALOG_COMPILER_GLOBAL_ACCENT_COLOR_NAME = AccentColor;
				CODE_SIGN_STYLE = Automatic;
				CURRENT_PROJECT_VERSION = 1;
				GENERATE_INFOPLIST_FILE = YES;
				INFOPLIST_FILE = StickEmAll/Info.plist;
				INFOPLIST_KEY_UIApplicationSupportsIndirectInputEvents = YES;
				INFOPLIST_KEY_UILaunchStoryboardName = LaunchScreen;
				INFOPLIST_KEY_UIMainStoryboardFile = Main;
				INFOPLIST_KEY_UISupportedInterfaceOrientations_iPad = "UIInterfaceOrientationPortrait UIInterfaceOrientationPortraitUpsideDown UIInterfaceOrientationLandscapeLeft UIInterfaceOrientationLandscapeRight";
				INFOPLIST_KEY_UISupportedInterfaceOrientations_iPhone = "UIInterfaceOrientationPortrait UIInterfaceOrientationLandscapeLeft UIInterfaceOrientationLandscapeRight";
				LD_RUNPATH_SEARCH_PATHS = (
					"$(inherited)",
					"@executable_path/Frameworks",
				);
				MARKETING_VERSION = 1.0;
				PRODUCT_BUNDLE_IDENTIFIER = "hr.fer.hostic-milanovic.StickEmAll";
				PRODUCT_NAME = "$(TARGET_NAME)";
				SWIFT_EMIT_LOC_STRINGS = YES;
				SWIFT_VERSION = 5.0;
				TARGETED_DEVICE_FAMILY = "1,2";
			};
			name = Release;
		};
/* End XCBuildConfiguration section */

/* Begin XCConfigurationList section */
		6EE65CE32A1BD68F005447E6 /* Build configuration list for PBXProject "StickEmAll" */ = {
			isa = XCConfigurationList;
			buildConfigurations = (
				6EE65CFA2A1BD693005447E6 /* Debug */,
				6EE65CFB2A1BD693005447E6 /* Release */,
			);
			defaultConfigurationIsVisible = 0;
			defaultConfigurationName = Release;
		};
		6EE65CFC2A1BD693005447E6 /* Build configuration list for PBXNativeTarget "StickEmAll" */ = {
			isa = XCConfigurationList;
			buildConfigurations = (
				6EE65CFD2A1BD693005447E6 /* Debug */,
				6EE65CFE2A1BD693005447E6 /* Release */,
			);
			defaultConfigurationIsVisible = 0;
			defaultConfigurationName = Release;
		};
/* End XCConfigurationList section */

/* Begin XCRemoteSwiftPackageReference section */
		6E46E3CE2A1C927B0074ED12 /* XCRemoteSwiftPackageReference "PureLayout" */ = {
			isa = XCRemoteSwiftPackageReference;
			repositoryURL = "https://github.com/PureLayout/PureLayout.git";
			requirement = {
				kind = upToNextMajorVersion;
				minimumVersion = 3.0.0;
			};
		};
/* End XCRemoteSwiftPackageReference section */

/* Begin XCSwiftPackageProductDependency section */
		6E46E3CF2A1C927B0074ED12 /* PureLayout */ = {
			isa = XCSwiftPackageProductDependency;
			package = 6E46E3CE2A1C927B0074ED12 /* XCRemoteSwiftPackageReference "PureLayout" */;
			productName = PureLayout;
		};
/* End XCSwiftPackageProductDependency section */
	};
	rootObject = 6EE65CE02A1BD68F005447E6 /* Project object */;
}
